
Microsoft Visual Studio Solution File, Format Version 11.00
# Visual Studio 2010
Project("{FAE04EC0-301F-11D3-BF4B-00C04F79EFBC}") = "Ormongo", "Ormongo\Ormongo.csproj", "{6C87182D-D784-43B0-8F31-98D43A02FDE7}"
EndProject
Project("{FAE04EC0-301F-11D3-BF4B-00C04F79EFBC}") = "Ormongo.Tests", "Ormongo.Tests\Ormongo.Tests.csproj", "{A8E1A966-4B91-42BB-8C6B-C84A27DD3682}"
EndProject
Project("{FAE04EC0-301F-11D3-BF4B-00C04F79EFBC}") = "Ormongo.TestHelper", "Ormongo.TestHelper\Ormongo.TestHelper.csproj", "{320F63C7-3326-411C-BA78-663FEFF645BA}"
EndProject
Global
	GlobalSection(SolutionConfigurationPlatforms) = preSolution
		Debug|Any CPU = Debug|Any CPU
		Debug|Mixed Platforms = Debug|Mixed Platforms
		Debug|x86 = Debug|x86
		Release|Any CPU = Release|Any CPU
		Release|Mixed Platforms = Release|Mixed Platforms
		Release|x86 = Release|x86
	EndGlobalSection
	GlobalSection(ProjectConfigurationPlatforms) = postSolution
		{6C87182D-D784-43B0-8F31-98D43A02FDE7}.Debug|Any CPU.ActiveCfg = Debug|Any CPU
		{6C87182D-D784-43B0-8F31-98D43A02FDE7}.Debug|Any CPU.Build.0 = Debug|Any CPU
		{6C87182D-D784-43B0-8F31-98D43A02FDE7}.Debug|Mixed Platforms.ActiveCfg = Debug|Any CPU
		{6C87182D-D784-43B0-8F31-98D43A02FDE7}.Debug|Mixed Platforms.Build.0 = Debug|Any CPU
		{6C87182D-D784-43B0-8F31-98D43A02FDE7}.Debug|x86.ActiveCfg = Debug|Any CPU
		{6C87182D-D784-43B0-8F31-98D43A02FDE7}.Release|Any CPU.ActiveCfg = Release|Any CPU
		{6C87182D-D784-43B0-8F31-98D43A02FDE7}.Release|Any CPU.Build.0 = Release|Any CPU
		{6C87182D-D784-43B0-8F31-98D43A02FDE7}.Release|Mixed Platforms.ActiveCfg = Release|Any CPU
		{6C87182D-D784-43B0-8F31-98D43A02FDE7}.Release|Mixed Platforms.Build.0 = Release|Any CPU
		{6C87182D-D784-43B0-8F31-98D43A02FDE7}.Release|x86.ActiveCfg = Release|Any CPU
		{A8E1A966-4B91-42BB-8C6B-C84A27DD3682}.Debug|Any CPU.ActiveCfg = Debug|Any CPU
		{A8E1A966-4B91-42BB-8C6B-C84A27DD3682}.Debug|Any CPU.Build.0 = Debug|Any CPU
		{A8E1A966-4B91-42BB-8C6B-C84A27DD3682}.Debug|Mixed Platforms.ActiveCfg = Debug|Any CPU
		{A8E1A966-4B91-42BB-8C6B-C84A27DD3682}.Debug|Mixed Platforms.Build.0 = Debug|Any CPU
		{A8E1A966-4B91-42BB-8C6B-C84A27DD3682}.Debug|x86.ActiveCfg = Debug|Any CPU
		{A8E1A966-4B91-42BB-8C6B-C84A27DD3682}.Release|Any CPU.ActiveCfg = Release|Any CPU
		{A8E1A966-4B91-42BB-8C6B-C84A27DD3682}.Release|Any CPU.Build.0 = Release|Any CPU
		{A8E1A966-4B91-42BB-8C6B-C84A27DD3682}.Release|Mixed Platforms.ActiveCfg = Release|Any CPU
		{A8E1A966-4B91-42BB-8C6B-C84A27DD3682}.Release|Mixed Platforms.Build.0 = Release|Any CPU
		{A8E1A966-4B91-42BB-8C6B-C84A27DD3682}.Release|x86.ActiveCfg = Release|Any CPU
		{320F63C7-3326-411C-BA78-663FEFF645BA}.Debug|Any CPU.ActiveCfg = Debug|Any CPU
		{320F63C7-3326-411C-BA78-663FEFF645BA}.Debug|Any CPU.Build.0 = Debug|Any CPU
		{320F63C7-3326-411C-BA78-663FEFF645BA}.Debug|Mixed Platforms.ActiveCfg = Debug|Any CPU
		{320F63C7-3326-411C-BA78-663FEFF645BA}.Debug|Mixed Platforms.Build.0 = Debug|Any CPU
		{320F63C7-3326-411C-BA78-663FEFF645BA}.Debug|x86.ActiveCfg = Debug|Any CPU
		{320F63C7-3326-411C-BA78-663FEFF645BA}.Release|Any CPU.ActiveCfg = Release|Any CPU
		{320F63C7-3326-411C-BA78-663FEFF645BA}.Release|Any CPU.Build.0 = Release|Any CPU
		{320F63C7-3326-411C-BA78-663FEFF645BA}.Release|Mixed Platforms.ActiveCfg = Release|Any CPU
		{320F63C7-3326-411C-BA78-663FEFF645BA}.Release|Mixed Platforms.Build.0 = Release|Any CPU
		{320F63C7-3326-411C-BA78-663FEFF645BA}.Release|x86.ActiveCfg = Release|Any CPU
	EndGlobalSection
	GlobalSection(SolutionProperties) = preSolution
		HideSolutionNode = FALSE
	EndGlobalSection
EndGlobal
